
Microsoft Visual Studio Solution File, Format Version 12.00
# Visual Studio 2013
VisualStudioVersion = 12.0.31101.0
MinimumVisualStudioVersion = 10.0.40219.1
Project("{FAE04EC0-301F-11D3-BF4B-00C04F79EFBC}") = "eServeSU.Tests", "eServeSU.Tests\eServeSU.Tests.csproj", "{07A41BE2-9B58-4A2B-AAB0-96ABAA70F406}"
EndProject
Project("{FAE04EC0-301F-11D3-BF4B-00C04F79EFBC}") = "eServeSU", "eServeSU\eServeSU.csproj", "{448055F9-057F-4758-9693-C57C13913CB3}"
EndProject
Project("{FAE04EC0-301F-11D3-BF4B-00C04F79EFBC}") = "DropDownCheckBoxes", "DropDownCheckBoxes\DropDownCheckBoxes.csproj", "{DC5FD4C5-70C8-4EC1-A9EA-B0A3FB7AE1D3}"
EndProject
Global
	GlobalSection(TeamFoundationVersionControl) = preSolution
		SccNumberOfProjects = 4
		SccEnterpriseProvider = {4CA58AB2-18FA-4F8D-95D4-32DDF27D184C}
		SccTeamFoundationServer = https://eservesu.visualstudio.com/defaultcollection
		SccLocalPath0 = .
		SccProjectUniqueName1 = eServeSU.Tests\\eServeSU.Tests.csproj
		SccProjectName1 = eServeSU.Tests
		SccLocalPath1 = eServeSU.Tests
		SccProjectUniqueName2 = eServeSU\\eServeSU.csproj
		SccProjectName2 = eServeSU
		SccLocalPath2 = eServeSU
		SccProjectUniqueName3 = DropDownCheckBoxes\\DropDownCheckBoxes.csproj
		SccProjectName3 = DropDownCheckBoxes
		SccLocalPath3 = DropDownCheckBoxes
	EndGlobalSection
	GlobalSection(SolutionConfigurationPlatforms) = preSolution
		Debug|Any CPU = Debug|Any CPU
		Release|Any CPU = Release|Any CPU
	EndGlobalSection
	GlobalSection(ProjectConfigurationPlatforms) = postSolution
		{07A41BE2-9B58-4A2B-AAB0-96ABAA70F406}.Debug|Any CPU.ActiveCfg = Debug|Any CPU
		{07A41BE2-9B58-4A2B-AAB0-96ABAA70F406}.Debug|Any CPU.Build.0 = Debug|Any CPU
		{07A41BE2-9B58-4A2B-AAB0-96ABAA70F406}.Release|Any CPU.ActiveCfg = Release|Any CPU
		{07A41BE2-9B58-4A2B-AAB0-96ABAA70F406}.Release|Any CPU.Build.0 = Release|Any CPU
		{448055F9-057F-4758-9693-C57C13913CB3}.Debug|Any CPU.ActiveCfg = Debug|Any CPU
		{448055F9-057F-4758-9693-C57C13913CB3}.Debug|Any CPU.Build.0 = Debug|Any CPU
		{448055F9-057F-4758-9693-C57C13913CB3}.Release|Any CPU.ActiveCfg = Release|Any CPU
		{448055F9-057F-4758-9693-C57C13913CB3}.Release|Any CPU.Build.0 = Release|Any CPU
		{DC5FD4C5-70C8-4EC1-A9EA-B0A3FB7AE1D3}.Debug|Any CPU.ActiveCfg = Debug|Any CPU
		{DC5FD4C5-70C8-4EC1-A9EA-B0A3FB7AE1D3}.Debug|Any CPU.Build.0 = Debug|Any CPU
		{DC5FD4C5-70C8-4EC1-A9EA-B0A3FB7AE1D3}.Release|Any CPU.ActiveCfg = Release|Any CPU
		{DC5FD4C5-70C8-4EC1-A9EA-B0A3FB7AE1D3}.Release|Any CPU.Build.0 = Release|Any CPU
	EndGlobalSection
	GlobalSection(SolutionProperties) = preSolution
		HideSolutionNode = FALSE
	EndGlobalSection
EndGlobal
